
Microsoft Visual Studio Solution File, Format Version 12.00
# Visual Studio Version 17
VisualStudioVersion = 17.14.36623.8
MinimumVisualStudioVersion = 10.0.40219.1
Project("{FAE04EC0-301F-11D3-BF4B-00C04F79EFBC}") = "PracticeProject", "PracticeProject\PracticeProject.csproj", "{D9C85A9B-0C48-481E-9388-26B688B1339B}"
EndProject
Global
	GlobalSection(SolutionConfigurationPlatforms) = preSolution
		Debug|Any CPU = Debug|Any CPU
		Release|Any CPU = Release|Any CPU
	EndGlobalSection
	GlobalSection(ProjectConfigurationPlatforms) = postSolution
		{D9C85A9B-0C48-481E-9388-26B688B1339B}.Debug|Any CPU.ActiveCfg = Debug|Any CPU
		{D9C85A9B-0C48-481E-9388-26B688B1339B}.Debug|Any CPU.Build.0 = Debug|Any CPU
		{D9C85A9B-0C48-481E-9388-26B688B1339B}.Release|Any CPU.ActiveCfg = Release|Any CPU
		{D9C85A9B-0C48-481E-9388-26B688B1339B}.Release|Any CPU.Build.0 = Release|Any CPU
	EndGlobalSection
	GlobalSection(SolutionProperties) = preSolution
		HideSolutionNode = FALSE
	EndGlobalSection
	GlobalSection(ExtensibilityGlobals) = postSolution
		SolutionGuid = {662164B1-8BE7-464A-B451-2E658CE89D4B}
	EndGlobalSection
EndGlobal
