
Microsoft Visual Studio Solution File, Format Version 12.00
# Visual Studio Version 17
VisualStudioVersion = 17.14.36623.8 d17.14
MinimumVisualStudioVersion = 10.0.40219.1
Project("{FAE04EC0-301F-11D3-BF4B-00C04F79EFBC}") = "5_ConstructorEX", "5_ConstructorEX.csproj", "{983E2866-55AA-46F9-BE17-8FB7173F3702}"
EndProject
Global
	GlobalSection(SolutionConfigurationPlatforms) = preSolution
		Debug|Any CPU = Debug|Any CPU
		Release|Any CPU = Release|Any CPU
	EndGlobalSection
	GlobalSection(ProjectConfigurationPlatforms) = postSolution
		{983E2866-55AA-46F9-BE17-8FB7173F3702}.Debug|Any CPU.ActiveCfg = Debug|Any CPU
		{983E2866-55AA-46F9-BE17-8FB7173F3702}.Debug|Any CPU.Build.0 = Debug|Any CPU
		{983E2866-55AA-46F9-BE17-8FB7173F3702}.Release|Any CPU.ActiveCfg = Release|Any CPU
		{983E2866-55AA-46F9-BE17-8FB7173F3702}.Release|Any CPU.Build.0 = Release|Any CPU
	EndGlobalSection
	GlobalSection(SolutionProperties) = preSolution
		HideSolutionNode = FALSE
	EndGlobalSection
	GlobalSection(ExtensibilityGlobals) = postSolution
		SolutionGuid = {3E5B0AD6-BEC7-45FD-8770-15AE029994AB}
	EndGlobalSection
EndGlobal
