
Microsoft Visual Studio Solution File, Format Version 12.00
# Visual Studio Version 17
VisualStudioVersion = 17.14.36623.8 d17.14
MinimumVisualStudioVersion = 10.0.40219.1
Project("{FAE04EC0-301F-11D3-BF4B-00C04F79EFBC}") = "4_oops", "4_oops.csproj", "{761789CC-0E4F-425F-AF41-AB360880F9B1}"
EndProject
Global
	GlobalSection(SolutionConfigurationPlatforms) = preSolution
		Debug|Any CPU = Debug|Any CPU
		Release|Any CPU = Release|Any CPU
	EndGlobalSection
	GlobalSection(ProjectConfigurationPlatforms) = postSolution
		{761789CC-0E4F-425F-AF41-AB360880F9B1}.Debug|Any CPU.ActiveCfg = Debug|Any CPU
		{761789CC-0E4F-425F-AF41-AB360880F9B1}.Debug|Any CPU.Build.0 = Debug|Any CPU
		{761789CC-0E4F-425F-AF41-AB360880F9B1}.Release|Any CPU.ActiveCfg = Release|Any CPU
		{761789CC-0E4F-425F-AF41-AB360880F9B1}.Release|Any CPU.Build.0 = Release|Any CPU
	EndGlobalSection
	GlobalSection(SolutionProperties) = preSolution
		HideSolutionNode = FALSE
	EndGlobalSection
	GlobalSection(ExtensibilityGlobals) = postSolution
		SolutionGuid = {8A071955-D8E8-4496-8080-5EEA54E60AB6}
	EndGlobalSection
EndGlobal
